
Microsoft Visual Studio Solution File, Format Version 12.00
# Visual Studio Version 16
VisualStudioVersion = 16.0.30114.105
MinimumVisualStudioVersion = 10.0.40219.1
Project("{9A19103F-16F7-4668-BE54-9A1E7A4F7556}") = "DatabaseFirstWebApplication", "DatabaseFirstWebApplication\DatabaseFirstWebApplication.csproj", "{4D127A6D-61C4-408E-ADB1-D3DE962D960E}"
EndProject
Global
	GlobalSection(SolutionConfigurationPlatforms) = preSolution
		Debug|Any CPU = Debug|Any CPU
		Release|Any CPU = Release|Any CPU
	EndGlobalSection
	GlobalSection(ProjectConfigurationPlatforms) = postSolution
		{4D127A6D-61C4-408E-ADB1-D3DE962D960E}.Debug|Any CPU.ActiveCfg = Debug|Any CPU
		{4D127A6D-61C4-408E-ADB1-D3DE962D960E}.Debug|Any CPU.Build.0 = Debug|Any CPU
		{4D127A6D-61C4-408E-ADB1-D3DE962D960E}.Release|Any CPU.ActiveCfg = Release|Any CPU
		{4D127A6D-61C4-408E-ADB1-D3DE962D960E}.Release|Any CPU.Build.0 = Release|Any CPU
	EndGlobalSection
	GlobalSection(SolutionProperties) = preSolution
		HideSolutionNode = FALSE
	EndGlobalSection
	GlobalSection(ExtensibilityGlobals) = postSolution
		SolutionGuid = {A525E997-95EC-4374-B30B-DCF4B08302F3}
	EndGlobalSection
EndGlobal
